
Microsoft Visual Studio Solution File, Format Version 12.00
# Visual Studio Version 17
VisualStudioVersion = 17.8.34330.188
MinimumVisualStudioVersion = 10.0.40219.1
Project("{FAE04EC0-301F-11D3-BF4B-00C04F79EFBC}") = "SistemaMaestra", "SistemaMaestra\SistemaMaestra.csproj", "{F0EC9474-1491-4AA6-85D0-EE3B82C8A337}"
EndProject
Global
	GlobalSection(SolutionConfigurationPlatforms) = preSolution
		Debug|Any CPU = Debug|Any CPU
		Release|Any CPU = Release|Any CPU
	EndGlobalSection
	GlobalSection(ProjectConfigurationPlatforms) = postSolution
		{F0EC9474-1491-4AA6-85D0-EE3B82C8A337}.Debug|Any CPU.ActiveCfg = Debug|Any CPU
		{F0EC9474-1491-4AA6-85D0-EE3B82C8A337}.Debug|Any CPU.Build.0 = Debug|Any CPU
		{F0EC9474-1491-4AA6-85D0-EE3B82C8A337}.Release|Any CPU.ActiveCfg = Release|Any CPU
		{F0EC9474-1491-4AA6-85D0-EE3B82C8A337}.Release|Any CPU.Build.0 = Release|Any CPU
	EndGlobalSection
	GlobalSection(SolutionProperties) = preSolution
		HideSolutionNode = FALSE
	EndGlobalSection
	GlobalSection(ExtensibilityGlobals) = postSolution
		SolutionGuid = {007200F0-92C8-4511-840D-C264F42C22C6}
	EndGlobalSection
EndGlobal
